
Microsoft Visual Studio Solution File, Format Version 12.00
# Visual Studio Version 17
VisualStudioVersion = 17.9.34714.143
MinimumVisualStudioVersion = 10.0.40219.1
Project("{FAE04EC0-301F-11D3-BF4B-00C04F79EFBC}") = "TicketsWebApp", "TicketsWebApp.csproj", "{BC774024-F915-4620-BCCB-87EC5ABD5057}"
EndProject
Global
	GlobalSection(SolutionConfigurationPlatforms) = preSolution
		Debug|Any CPU = Debug|Any CPU
		Release|Any CPU = Release|Any CPU
	EndGlobalSection
	GlobalSection(ProjectConfigurationPlatforms) = postSolution
		{BC774024-F915-4620-BCCB-87EC5ABD5057}.Debug|Any CPU.ActiveCfg = Debug|Any CPU
		{BC774024-F915-4620-BCCB-87EC5ABD5057}.Debug|Any CPU.Build.0 = Debug|Any CPU
		{BC774024-F915-4620-BCCB-87EC5ABD5057}.Release|Any CPU.ActiveCfg = Release|Any CPU
		{BC774024-F915-4620-BCCB-87EC5ABD5057}.Release|Any CPU.Build.0 = Release|Any CPU
	EndGlobalSection
	GlobalSection(SolutionProperties) = preSolution
		HideSolutionNode = FALSE
	EndGlobalSection
	GlobalSection(ExtensibilityGlobals) = postSolution
		SolutionGuid = {9BCD0AA3-C964-4AC5-830B-E403DE611758}
	EndGlobalSection
EndGlobal
